// !$*UTF8*$!
{
	archiveVersion = 1;
	classes = {
	};
	objectVersion = 55;
	objects = {

/* Begin PBXBuildFile section */
		3C5BB511279704A500B6E0C0 /* TrckerMultiPlatformApp.swift in Sources */ = {isa = PBXBuildFile; fileRef = 3C5BB5012797049B00B6E0C0 /* TrckerMultiPlatformApp.swift */; };
		3C5BB512279704A500B6E0C0 /* TrckerMultiPlatformApp.swift in Sources */ = {isa = PBXBuildFile; fileRef = 3C5BB5012797049B00B6E0C0 /* TrckerMultiPlatformApp.swift */; };
		3C5BB513279704A500B6E0C0 /* ContentView.swift in Sources */ = {isa = PBXBuildFile; fileRef = 3C5BB5022797049B00B6E0C0 /* ContentView.swift */; };
		3C5BB514279704A500B6E0C0 /* ContentView.swift in Sources */ = {isa = PBXBuildFile; fileRef = 3C5BB5022797049B00B6E0C0 /* ContentView.swift */; };
		3C5BB515279704A500B6E0C0 /* Assets.xcassets in Resources */ = {isa = PBXBuildFile; fileRef = 3C5BB503279704A500B6E0C0 /* Assets.xcassets */; };
		3C5BB516279704A500B6E0C0 /* Assets.xcassets in Resources */ = {isa = PBXBuildFile; fileRef = 3C5BB503279704A500B6E0C0 /* Assets.xcassets */; };
		3C5BB5242797084C00B6E0C0 /* locations.json in Resources */ = {isa = PBXBuildFile; fileRef = 3C5BB5222797084C00B6E0C0 /* locations.json */; };
		3C5BB5252797084C00B6E0C0 /* locations.json in Resources */ = {isa = PBXBuildFile; fileRef = 3C5BB5222797084C00B6E0C0 /* locations.json */; };
		3C5BB5262797084C00B6E0C0 /* tips.json in Resources */ = {isa = PBXBuildFile; fileRef = 3C5BB5232797084C00B6E0C0 /* tips.json */; };
		3C5BB5272797084C00B6E0C0 /* tips.json in Resources */ = {isa = PBXBuildFile; fileRef = 3C5BB5232797084C00B6E0C0 /* tips.json */; };
/* End PBXBuildFile section */

/* Begin PBXFileReference section */
		3C5BB5012797049B00B6E0C0 /* TrckerMultiPlatformApp.swift */ = {isa = PBXFileReference; lastKnownFileType = sourcecode.swift; path = TrckerMultiPlatformApp.swift; sourceTree = "<group>"; };
		3C5BB5022797049B00B6E0C0 /* ContentView.swift */ = {isa = PBXFileReference; lastKnownFileType = sourcecode.swift; path = ContentView.swift; sourceTree = "<group>"; };
		3C5BB503279704A500B6E0C0 /* Assets.xcassets */ = {isa = PBXFileReference; lastKnownFileType = folder.assetcatalog; path = Assets.xcassets; sourceTree = "<group>"; };
		3C5BB508279704A500B6E0C0 /* TrckerMultiPlatform.app */ = {isa = PBXFileReference; explicitFileType = wrapper.application; includeInIndex = 0; path = TrckerMultiPlatform.app; sourceTree = BUILT_PRODUCTS_DIR; };
		3C5BB50E279704A500B6E0C0 /* TrckerMultiPlatform.app */ = {isa = PBXFileReference; explicitFileType = wrapper.application; includeInIndex = 0; path = TrckerMultiPlatform.app; sourceTree = BUILT_PRODUCTS_DIR; };
		3C5BB510279704A500B6E0C0 /* macOS.entitlements */ = {isa = PBXFileReference; lastKnownFileType = text.plist.entitlements; path = macOS.entitlements; sourceTree = "<group>"; };
		3C5BB5222797084C00B6E0C0 /* locations.json */ = {isa = PBXFileReference; fileEncoding = 4; lastKnownFileType = text.json; path = locations.json; sourceTree = "<group>"; };
		3C5BB5232797084C00B6E0C0 /* tips.json */ = {isa = PBXFileReference; fileEncoding = 4; lastKnownFileType = text.json; path = tips.json; sourceTree = "<group>"; };
/* End PBXFileReference section */

/* Begin PBXFrameworksBuildPhase section */
		3C5BB505279704A500B6E0C0 /* Frameworks */ = {
			isa = PBXFrameworksBuildPhase;
			buildActionMask = 2147483647;
			files = (
			);
			runOnlyForDeploymentPostprocessing = 0;
		};
		3C5BB50B279704A500B6E0C0 /* Frameworks */ = {
			isa = PBXFrameworksBuildPhase;
			buildActionMask = 2147483647;
			files = (
			);
			runOnlyForDeploymentPostprocessing = 0;
		};
/* End PBXFrameworksBuildPhase section */

/* Begin PBXGroup section */
		3C5BB4FB2797049A00B6E0C0 = {
			isa = PBXGroup;
			children = (
				3C5BB5212797055400B6E0C0 /* Products */,
				3C5BB5002797049B00B6E0C0 /* Shared */,
				3C5BB50F279704A500B6E0C0 /* macOS */,
				3C5BB509279704A500B6E0C0 /* Products */,
			);
			sourceTree = "<group>";
		};
		3C5BB5002797049B00B6E0C0 /* Shared */ = {
			isa = PBXGroup;
			children = (
				3C5BB5012797049B00B6E0C0 /* TrckerMultiPlatformApp.swift */,
				3C5BB520279704EF00B6E0C0 /* Model */,
				3C5BB51F279704DE00B6E0C0 /* Views */,
				3C5BB503279704A500B6E0C0 /* Assets.xcassets */,
			);
			path = Shared;
			sourceTree = "<group>";
		};
		3C5BB509279704A500B6E0C0 /* Products */ = {
			isa = PBXGroup;
			children = (
				3C5BB508279704A500B6E0C0 /* TrckerMultiPlatform.app */,
				3C5BB50E279704A500B6E0C0 /* TrckerMultiPlatform.app */,
			);
			name = Products;
			sourceTree = "<group>";
		};
		3C5BB50F279704A500B6E0C0 /* macOS */ = {
			isa = PBXGroup;
			children = (
				3C5BB510279704A500B6E0C0 /* macOS.entitlements */,
			);
			path = macOS;
			sourceTree = "<group>";
		};
		3C5BB51F279704DE00B6E0C0 /* Views */ = {
			isa = PBXGroup;
			children = (
				3C5BB5022797049B00B6E0C0 /* ContentView.swift */,
			);
			path = Views;
			sourceTree = "<group>";
		};
		3C5BB520279704EF00B6E0C0 /* Model */ = {
			isa = PBXGroup;
			children = (
				3C5BB5222797084C00B6E0C0 /* locations.json */,
				3C5BB5232797084C00B6E0C0 /* tips.json */,
			);
			path = Model;
			sourceTree = "<group>";
		};
		3C5BB5212797055400B6E0C0 /* Products */ = {
			isa = PBXGroup;
			children = (
			);
			path = Products;
			sourceTree = "<group>";
		};
/* End PBXGroup section */

/* Begin PBXNativeTarget section */
		3C5BB507279704A500B6E0C0 /* TrckerMultiPlatform (iOS) */ = {
			isa = PBXNativeTarget;
			buildConfigurationList = 3C5BB519279704A500B6E0C0 /* Build configuration list for PBXNativeTarget "TrckerMultiPlatform (iOS)" */;
			buildPhases = (
				3C5BB504279704A500B6E0C0 /* Sources */,
				3C5BB505279704A500B6E0C0 /* Frameworks */,
				3C5BB506279704A500B6E0C0 /* Resources */,
			);
			buildRules = (
			);
			dependencies = (
			);
			name = "TrckerMultiPlatform (iOS)";
			productName = "TrckerMultiPlatform (iOS)";
			productReference = 3C5BB508279704A500B6E0C0 /* TrckerMultiPlatform.app */;
			productType = "com.apple.product-type.application";
		};
		3C5BB50D279704A500B6E0C0 /* TrckerMultiPlatform (macOS) */ = {
			isa = PBXNativeTarget;
			buildConfigurationList = 3C5BB51C279704A500B6E0C0 /* Build configuration list for PBXNativeTarget "TrckerMultiPlatform (macOS)" */;
			buildPhases = (
				3C5BB50A279704A500B6E0C0 /* Sources */,
				3C5BB50B279704A500B6E0C0 /* Frameworks */,
				3C5BB50C279704A500B6E0C0 /* Resources */,
			);
			buildRules = (
			);
			dependencies = (
			);
			name = "TrckerMultiPlatform (macOS)";
			productName = "TrckerMultiPlatform (macOS)";
			productReference = 3C5BB50E279704A500B6E0C0 /* TrckerMultiPlatform.app */;
			productType = "com.apple.product-type.application";
		};
/* End PBXNativeTarget section */

/* Begin PBXProject section */
		3C5BB4FC2797049A00B6E0C0 /* Project object */ = {
			isa = PBXProject;
			attributes = {
				BuildIndependentTargetsInParallel = 1;
				LastSwiftUpdateCheck = 1310;
				LastUpgradeCheck = 1310;
				TargetAttributes = {
					3C5BB507279704A500B6E0C0 = {
						CreatedOnToolsVersion = 13.1;
					};
					3C5BB50D279704A500B6E0C0 = {
						CreatedOnToolsVersion = 13.1;
					};
				};
			};
			buildConfigurationList = 3C5BB4FF2797049A00B6E0C0 /* Build configuration list for PBXProject "TrckerMultiPlatform" */;
			compatibilityVersion = "Xcode 13.0";
			developmentRegion = en;
			hasScannedForEncodings = 0;
			knownRegions = (
				en,
				Base,
			);
			mainGroup = 3C5BB4FB2797049A00B6E0C0;
			productRefGroup = 3C5BB509279704A500B6E0C0 /* Products */;
			projectDirPath = "";
			projectRoot = "";
			targets = (
				3C5BB507279704A500B6E0C0 /* TrckerMultiPlatform (iOS) */,
				3C5BB50D279704A500B6E0C0 /* TrckerMultiPlatform (macOS) */,
			);
		};
/* End PBXProject section */

/* Begin PBXResourcesBuildPhase section */
		3C5BB506279704A500B6E0C0 /* Resources */ = {
			isa = PBXResourcesBuildPhase;
			buildActionMask = 2147483647;
			files = (
				3C5BB5242797084C00B6E0C0 /* locations.json in Resources */,
				3C5BB515279704A500B6E0C0 /* Assets.xcassets in Resources */,
				3C5BB5262797084C00B6E0C0 /* tips.json in Resources */,
			);
			runOnlyForDeploymentPostprocessing = 0;
		};
		3C5BB50C279704A500B6E0C0 /* Resources */ = {
			isa = PBXResourcesBuildPhase;
			buildActionMask = 2147483647;
			files = (
				3C5BB5252797084C00B6E0C0 /* locations.json in Resources */,
				3C5BB516279704A500B6E0C0 /* Assets.xcassets in Resources */,
				3C5BB5272797084C00B6E0C0 /* tips.json in Resources */,
			);
			runOnlyForDeploymentPostprocessing = 0;
		};
/* End PBXResourcesBuildPhase section */

/* Begin PBXSourcesBuildPhase section */
		3C5BB504279704A500B6E0C0 /* Sources */ = {
			isa = PBXSourcesBuildPhase;
			buildActionMask = 2147483647;
			files = (
				3C5BB513279704A500B6E0C0 /* ContentView.swift in Sources */,
				3C5BB511279704A500B6E0C0 /* TrckerMultiPlatformApp.swift in Sources */,
			);
			runOnlyForDeploymentPostprocessing = 0;
		};
		3C5BB50A279704A500B6E0C0 /* Sources */ = {
			isa = PBXSourcesBuildPhase;
			buildActionMask = 2147483647;
			files = (
				3C5BB514279704A500B6E0C0 /* ContentView.swift in Sources */,
				3C5BB512279704A500B6E0C0 /* TrckerMultiPlatformApp.swift in Sources */,
			);
			runOnlyForDeploymentPostprocessing = 0;
		};
/* End PBXSourcesBuildPhase section */

/* Begin XCBuildConfiguration section */
		3C5BB517279704A500B6E0C0 /* Debug */ = {
			isa = XCBuildConfiguration;
			buildSettings = {
				ALWAYS_SEARCH_USER_PATHS = NO;
				CLANG_ANALYZER_NONNULL = YES;
				CLANG_ANALYZER_NUMBER_OBJECT_CONVERSION = YES_AGGRESSIVE;
				CLANG_CXX_LANGUAGE_STANDARD = "gnu++17";
				CLANG_CXX_LIBRARY = "libc++";
				CLANG_ENABLE_MODULES = YES;
				CLANG_ENABLE_OBJC_ARC = YES;
				CLANG_ENABLE_OBJC_WEAK = YES;
				CLANG_WARN_BLOCK_CAPTURE_AUTORELEASING = YES;
				CLANG_WARN_BOOL_CONVERSION = YES;
				CLANG_WARN_COMMA = YES;
				CLANG_WARN_CONSTANT_CONVERSION = YES;
				CLANG_WARN_DEPRECATED_OBJC_IMPLEMENTATIONS = YES;
				CLANG_WARN_DIRECT_OBJC_ISA_USAGE = YES_ERROR;
				CLANG_WARN_DOCUMENTATION_COMMENTS = YES;
				CLANG_WARN_EMPTY_BODY = YES;
				CLANG_WARN_ENUM_CONVERSION = YES;
				CLANG_WARN_INFINITE_RECURSION = YES;
				CLANG_WARN_INT_CONVERSION = YES;
				CLANG_WARN_NON_LITERAL_NULL_CONVERSION = YES;
				CLANG_WARN_OBJC_IMPLICIT_RETAIN_SELF = YES;
				CLANG_WARN_OBJC_LITERAL_CONVERSION = YES;
				CLANG_WARN_OBJC_ROOT_CLASS = YES_ERROR;
				CLANG_WARN_QUOTED_INCLUDE_IN_FRAMEWORK_HEADER = YES;
				CLANG_WARN_RANGE_LOOP_ANALYSIS = YES;
				CLANG_WARN_STRICT_PROTOTYPES = YES;
				CLANG_WARN_SUSPICIOUS_MOVE = YES;
				CLANG_WARN_UNGUARDED_AVAILABILITY = YES_AGGRESSIVE;
				CLANG_WARN_UNREACHABLE_CODE = YES;
				CLANG_WARN__DUPLICATE_METHOD_MATCH = YES;
				COPY_PHASE_STRIP = NO;
				DEBUG_INFORMATION_FORMAT = dwarf;
				ENABLE_STRICT_OBJC_MSGSEND = YES;
				ENABLE_TESTABILITY = YES;
				GCC_C_LANGUAGE_STANDARD = gnu11;
				GCC_DYNAMIC_NO_PIC = NO;
				GCC_NO_COMMON_BLOCKS = YES;
				GCC_OPTIMIZATION_LEVEL = 0;
				GCC_PREPROCESSOR_DEFINITIONS = (
					"DEBUG=1",
					"$(inherited)",
				);
				GCC_WARN_64_TO_32_BIT_CONVERSION = YES;
				GCC_WARN_ABOUT_RETURN_TYPE = YES_ERROR;
				GCC_WARN_UNDECLARED_SELECTOR = YES;
				GCC_WARN_UNINITIALIZED_AUTOS = YES_AGGRESSIVE;
				GCC_WARN_UNUSED_FUNCTION = YES;
				GCC_WARN_UNUSED_VARIABLE = YES;
				MTL_ENABLE_DEBUG_INFO = INCLUDE_SOURCE;
				MTL_FAST_MATH = YES;
				ONLY_ACTIVE_ARCH = YES;
				SWIFT_ACTIVE_COMPILATION_CONDITIONS = DEBUG;
				SWIFT_OPTIMIZATION_LEVEL = "-Onone";
			};
			name = Debug;
		};
		3C5BB518279704A500B6E0C0 /* Release */ = {
			isa = XCBuildConfiguration;
			buildSettings = {
				ALWAYS_SEARCH_USER_PATHS = NO;
				CLANG_ANALYZER_NONNULL = YES;
				CLANG_ANALYZER_NUMBER_OBJECT_CONVERSION = YES_AGGRESSIVE;
				CLANG_CXX_LANGUAGE_STANDARD = "gnu++17";
				CLANG_CXX_LIBRARY = "libc++";
				CLANG_ENABLE_MODULES = YES;
				CLANG_ENABLE_OBJC_ARC = YES;
				CLANG_ENABLE_OBJC_WEAK = YES;
				CLANG_WARN_BLOCK_CAPTURE_AUTORELEASING = YES;
				CLANG_WARN_BOOL_CONVERSION = YES;
				CLANG_WARN_COMMA = YES;
				CLANG_WARN_CONSTANT_CONVERSION = YES;
				CLANG_WARN_DEPRECATED_OBJC_IMPLEMENTATIONS = YES;
				CLANG_WARN_DIRECT_OBJC_ISA_USAGE = YES_ERROR;
				CLANG_WARN_DOCUMENTATION_COMMENTS = YES;
				CLANG_WARN_EMPTY_BODY = YES;
				CLANG_WARN_ENUM_CONVERSION = YES;
				CLANG_WARN_INFINITE_RECURSION = YES;
				CLANG_WARN_INT_CONVERSION = YES;
				CLANG_WARN_NON_LITERAL_NULL_CONVERSION = YES;
				CLANG_WARN_OBJC_IMPLICIT_RETAIN_SELF = YES;
				CLANG_WARN_OBJC_LITERAL_CONVERSION = YES;
				CLANG_WARN_OBJC_ROOT_CLASS = YES_ERROR;
				CLANG_WARN_QUOTED_INCLUDE_IN_FRAMEWORK_HEADER = YES;
				CLANG_WARN_RANGE_LOOP_ANALYSIS = YES;
				CLANG_WARN_STRICT_PROTOTYPES = YES;
				CLANG_WARN_SUSPICIOUS_MOVE = YES;
				CLANG_WARN_UNGUARDED_AVAILABILITY = YES_AGGRESSIVE;
				CLANG_WARN_UNREACHABLE_CODE = YES;
				CLANG_WARN__DUPLICATE_METHOD_MATCH = YES;
				COPY_PHASE_STRIP = NO;
				DEBUG_INFORMATION_FORMAT = "dwarf-with-dsym";
				ENABLE_NS_ASSERTIONS = NO;
				ENABLE_STRICT_OBJC_MSGSEND = YES;
				GCC_C_LANGUAGE_STANDARD = gnu11;
				GCC_NO_COMMON_BLOCKS = YES;
				GCC_WARN_64_TO_32_BIT_CONVERSION = YES;
				GCC_WARN_ABOUT_RETURN_TYPE = YES_ERROR;
				GCC_WARN_UNDECLARED_SELECTOR = YES;
				GCC_WARN_UNINITIALIZED_AUTOS = YES_AGGRESSIVE;
				GCC_WARN_UNUSED_FUNCTION = YES;
				GCC_WARN_UNUSED_VARIABLE = YES;
				MTL_ENABLE_DEBUG_INFO = NO;
				MTL_FAST_MATH = YES;
				SWIFT_COMPILATION_MODE = wholemodule;
				SWIFT_OPTIMIZATION_LEVEL = "-O";
			};
			name = Release;
		};
		3C5BB51A279704A500B6E0C0 /* Debug */ = {
			isa = XCBuildConfiguration;
			buildSettings = {
				ASSETCATALOG_COMPILER_APPICON_NAME = AppIcon;
				ASSETCATALOG_COMPILER_GLOBAL_ACCENT_COLOR_NAME = AccentColor;
				CODE_SIGN_STYLE = Automatic;
				CURRENT_PROJECT_VERSION = 1;
				DEVELOPMENT_TEAM = 2PUY3827Z7;
				ENABLE_PREVIEWS = YES;
				GENERATE_INFOPLIST_FILE = YES;
				INFOPLIST_KEY_UIApplicationSceneManifest_Generation = YES;
				INFOPLIST_KEY_UIApplicationSupportsIndirectInputEvents = YES;
				INFOPLIST_KEY_UILaunchScreen_Generation = YES;
				INFOPLIST_KEY_UISupportedInterfaceOrientations_iPad = "UIInterfaceOrientationPortrait UIInterfaceOrientationPortraitUpsideDown UIInterfaceOrientationLandscapeLeft UIInterfaceOrientationLandscapeRight";
				INFOPLIST_KEY_UISupportedInterfaceOrientations_iPhone = "UIInterfaceOrientationPortrait UIInterfaceOrientationLandscapeLeft UIInterfaceOrientationLandscapeRight";
				IPHONEOS_DEPLOYMENT_TARGET = 15.0;
				LD_RUNPATH_SEARCH_PATHS = (
					"$(inherited)",
					"@executable_path/Frameworks",
				);
				MARKETING_VERSION = 1.0;
				PRODUCT_BUNDLE_IDENTIFIER = ca.yiningwang.TrckerMultiPlatform;
				PRODUCT_NAME = TrckerMultiPlatform;
				SDKROOT = iphoneos;
				SWIFT_EMIT_LOC_STRINGS = YES;
				SWIFT_VERSION = 5.0;
				TARGETED_DEVICE_FAMILY = "1,2";
			};
			name = Debug;
		};
		3C5BB51B279704A500B6E0C0 /* Release */ = {
			isa = XCBuildConfiguration;
			buildSettings = {
				ASSETCATALOG_COMPILER_APPICON_NAME = AppIcon;
				ASSETCATALOG_COMPILER_GLOBAL_ACCENT_COLOR_NAME = AccentColor;
				CODE_SIGN_STYLE = Automatic;
				CURRENT_PROJECT_VERSION = 1;
				DEVELOPMENT_TEAM = 2PUY3827Z7;
				ENABLE_PREVIEWS = YES;
				GENERATE_INFOPLIST_FILE = YES;
				INFOPLIST_KEY_UIApplicationSceneManifest_Generation = YES;
				INFOPLIST_KEY_UIApplicationSupportsIndirectInputEvents = YES;
				INFOPLIST_KEY_UILaunchScreen_Generation = YES;
				INFOPLIST_KEY_UISupportedInterfaceOrientations_iPad = "UIInterfaceOrientationPortrait UIInterfaceOrientationPortraitUpsideDown UIInterfaceOrientationLandscapeLeft UIInterfaceOrientationLandscapeRight";
				INFOPLIST_KEY_UISupportedInterfaceOrientations_iPhone = "UIInterfaceOrientationPortrait UIInterfaceOrientationLandscapeLeft UIInterfaceOrientationLandscapeRight";
				IPHONEOS_DEPLOYMENT_TARGET = 15.0;
				LD_RUNPATH_SEARCH_PATHS = (
					"$(inherited)",
					"@executable_path/Frameworks",
				);
				MARKETING_VERSION = 1.0;
				PRODUCT_BUNDLE_IDENTIFIER = ca.yiningwang.TrckerMultiPlatform;
				PRODUCT_NAME = TrckerMultiPlatform;
				SDKROOT = iphoneos;
				SWIFT_EMIT_LOC_STRINGS = YES;
				SWIFT_VERSION = 5.0;
				TARGETED_DEVICE_FAMILY = "1,2";
				VALIDATE_PRODUCT = YES;
			};
			name = Release;
		};
		3C5BB51D279704A500B6E0C0 /* Debug */ = {
			isa = XCBuildConfiguration;
			buildSettings = {
				ASSETCATALOG_COMPILER_APPICON_NAME = AppIcon;
				ASSETCATALOG_COMPILER_GLOBAL_ACCENT_COLOR_NAME = AccentColor;
				CODE_SIGN_ENTITLEMENTS = macOS/macOS.entitlements;
				CODE_SIGN_STYLE = Automatic;
				COMBINE_HIDPI_IMAGES = YES;
				CURRENT_PROJECT_VERSION = 1;
				DEVELOPMENT_TEAM = 2PUY3827Z7;
				ENABLE_HARDENED_RUNTIME = YES;
				ENABLE_PREVIEWS = YES;
				GENERATE_INFOPLIST_FILE = YES;
				INFOPLIST_KEY_NSHumanReadableCopyright = "";
				LD_RUNPATH_SEARCH_PATHS = (
					"$(inherited)",
					"@executable_path/../Frameworks",
				);
				MACOSX_DEPLOYMENT_TARGET = 12.0;
				MARKETING_VERSION = 1.0;
				PRODUCT_BUNDLE_IDENTIFIER = ca.yiningwang.TrckerMultiPlatform;
				PRODUCT_NAME = TrckerMultiPlatform;
				SDKROOT = macosx;
				SWIFT_EMIT_LOC_STRINGS = YES;
				SWIFT_VERSION = 5.0;
			};
			name = Debug;
		};
		3C5BB51E279704A500B6E0C0 /* Release */ = {
			isa = XCBuildConfiguration;
			buildSettings = {
				ASSETCATALOG_COMPILER_APPICON_NAME = AppIcon;
				ASSETCATALOG_COMPILER_GLOBAL_ACCENT_COLOR_NAME = AccentColor;
				CODE_SIGN_ENTITLEMENTS = macOS/macOS.entitlements;
				CODE_SIGN_STYLE = Automatic;
				COMBINE_HIDPI_IMAGES = YES;
				CURRENT_PROJECT_VERSION = 1;
				DEVELOPMENT_TEAM = 2PUY3827Z7;
				ENABLE_HARDENED_RUNTIME = YES;
				ENABLE_PREVIEWS = YES;
				GENERATE_INFOPLIST_FILE = YES;
				INFOPLIST_KEY_NSHumanReadableCopyright = "";
				LD_RUNPATH_SEARCH_PATHS = (
					"$(inherited)",
					"@executable_path/../Frameworks",
				);
				MACOSX_DEPLOYMENT_TARGET = 12.0;
				MARKETING_VERSION = 1.0;
				PRODUCT_BUNDLE_IDENTIFIER = ca.yiningwang.TrckerMultiPlatform;
				PRODUCT_NAME = TrckerMultiPlatform;
				SDKROOT = macosx;
				SWIFT_EMIT_LOC_STRINGS = YES;
				SWIFT_VERSION = 5.0;
			};
			name = Release;
		};
/* End XCBuildConfiguration section */

/* Begin XCConfigurationList section */
		3C5BB4FF2797049A00B6E0C0 /* Build configuration list for PBXProject "TrckerMultiPlatform" */ = {
			isa = XCConfigurationList;
			buildConfigurations = (
				3C5BB517279704A500B6E0C0 /* Debug */,
				3C5BB518279704A500B6E0C0 /* Release */,
			);
			defaultConfigurationIsVisible = 0;
			defaultConfigurationName = Release;
		};
		3C5BB519279704A500B6E0C0 /* Build configuration list for PBXNativeTarget "TrckerMultiPlatform (iOS)" */ = {
			isa = XCConfigurationList;
			buildConfigurations = (
				3C5BB51A279704A500B6E0C0 /* Debug */,
				3C5BB51B279704A500B6E0C0 /* Release */,
			);
			defaultConfigurationIsVisible = 0;
			defaultConfigurationName = Release;
		};
		3C5BB51C279704A500B6E0C0 /* Build configuration list for PBXNativeTarget "TrckerMultiPlatform (macOS)" */ = {
			isa = XCConfigurationList;
			buildConfigurations = (
				3C5BB51D279704A500B6E0C0 /* Debug */,
				3C5BB51E279704A500B6E0C0 /* Release */,
			);
			defaultConfigurationIsVisible = 0;
			defaultConfigurationName = Release;
		};
/* End XCConfigurationList section */
	};
	rootObject = 3C5BB4FC2797049A00B6E0C0 /* Project object */;
}
